
Microsoft Visual Studio Solution File, Format Version 12.00
# Visual Studio Version 17
VisualStudioVersion = 17.14.36518.9 d17.14
MinimumVisualStudioVersion = 10.0.40219.1
Project("{FAE04EC0-301F-11D3-BF4B-00C04F79EFBC}") = "Praktik 4.12_Gading Azriel P._XPPLG1", "Praktik 4.12_Gading Azriel P._XPPLG1\Praktik 4.12_Gading Azriel P._XPPLG1.csproj", "{5F30BEFB-C0E3-430C-8D30-80A003C0B081}"
EndProject
Global
	GlobalSection(SolutionConfigurationPlatforms) = preSolution
		Debug|Any CPU = Debug|Any CPU
		Release|Any CPU = Release|Any CPU
	EndGlobalSection
	GlobalSection(ProjectConfigurationPlatforms) = postSolution
		{5F30BEFB-C0E3-430C-8D30-80A003C0B081}.Debug|Any CPU.ActiveCfg = Debug|Any CPU
		{5F30BEFB-C0E3-430C-8D30-80A003C0B081}.Debug|Any CPU.Build.0 = Debug|Any CPU
		{5F30BEFB-C0E3-430C-8D30-80A003C0B081}.Release|Any CPU.ActiveCfg = Release|Any CPU
		{5F30BEFB-C0E3-430C-8D30-80A003C0B081}.Release|Any CPU.Build.0 = Release|Any CPU
	EndGlobalSection
	GlobalSection(SolutionProperties) = preSolution
		HideSolutionNode = FALSE
	EndGlobalSection
	GlobalSection(ExtensibilityGlobals) = postSolution
		SolutionGuid = {2762B9F5-FC32-4BC0-8FD2-698DDB9F855D}
	EndGlobalSection
EndGlobal
