
Microsoft Visual Studio Solution File, Format Version 12.00
# Visual Studio Version 17
VisualStudioVersion = 17.14.36518.9 d17.14
MinimumVisualStudioVersion = 10.0.40219.1
Project("{FAE04EC0-301F-11D3-BF4B-00C04F79EFBC}") = "Praktik 3.10_Gading Azriel P._XPPLG1", "Praktik 3.10_Gading Azriel P._XPPLG1\Praktik 3.10_Gading Azriel P._XPPLG1.csproj", "{7EBF58D3-545E-49FB-8FD3-8D22D588407D}"
EndProject
Global
	GlobalSection(SolutionConfigurationPlatforms) = preSolution
		Debug|Any CPU = Debug|Any CPU
		Release|Any CPU = Release|Any CPU
	EndGlobalSection
	GlobalSection(ProjectConfigurationPlatforms) = postSolution
		{7EBF58D3-545E-49FB-8FD3-8D22D588407D}.Debug|Any CPU.ActiveCfg = Debug|Any CPU
		{7EBF58D3-545E-49FB-8FD3-8D22D588407D}.Debug|Any CPU.Build.0 = Debug|Any CPU
		{7EBF58D3-545E-49FB-8FD3-8D22D588407D}.Release|Any CPU.ActiveCfg = Release|Any CPU
		{7EBF58D3-545E-49FB-8FD3-8D22D588407D}.Release|Any CPU.Build.0 = Release|Any CPU
	EndGlobalSection
	GlobalSection(SolutionProperties) = preSolution
		HideSolutionNode = FALSE
	EndGlobalSection
	GlobalSection(ExtensibilityGlobals) = postSolution
		SolutionGuid = {2288C589-1727-4105-8DDE-A5A7EE567461}
	EndGlobalSection
EndGlobal
