
Microsoft Visual Studio Solution File, Format Version 12.00
# Visual Studio Version 17
VisualStudioVersion = 17.14.36518.9 d17.14
MinimumVisualStudioVersion = 10.0.40219.1
Project("{FAE04EC0-301F-11D3-BF4B-00C04F79EFBC}") = "3.8_Gading Azriel P._XPPLG1", "3.8_Gading Azriel P._XPPLG1\3.8_Gading Azriel P._XPPLG1.csproj", "{DE46EF46-9741-4DD2-9A86-F99D87DAD26A}"
EndProject
Global
	GlobalSection(SolutionConfigurationPlatforms) = preSolution
		Debug|Any CPU = Debug|Any CPU
		Release|Any CPU = Release|Any CPU
	EndGlobalSection
	GlobalSection(ProjectConfigurationPlatforms) = postSolution
		{DE46EF46-9741-4DD2-9A86-F99D87DAD26A}.Debug|Any CPU.ActiveCfg = Debug|Any CPU
		{DE46EF46-9741-4DD2-9A86-F99D87DAD26A}.Debug|Any CPU.Build.0 = Debug|Any CPU
		{DE46EF46-9741-4DD2-9A86-F99D87DAD26A}.Release|Any CPU.ActiveCfg = Release|Any CPU
		{DE46EF46-9741-4DD2-9A86-F99D87DAD26A}.Release|Any CPU.Build.0 = Release|Any CPU
	EndGlobalSection
	GlobalSection(SolutionProperties) = preSolution
		HideSolutionNode = FALSE
	EndGlobalSection
	GlobalSection(ExtensibilityGlobals) = postSolution
		SolutionGuid = {EBCA323D-D931-4FDA-BBA5-282C121F1017}
	EndGlobalSection
EndGlobal
