
Microsoft Visual Studio Solution File, Format Version 12.00
# Visual Studio Version 17
VisualStudioVersion = 17.14.36518.9 d17.14
MinimumVisualStudioVersion = 10.0.40219.1
Project("{FAE04EC0-301F-11D3-BF4B-00C04F79EFBC}") = "Praktik 4.9_Gading Azriel Prasetyo_XPPLG1", "Praktik 4.9_Gading Azriel Prasetyo_XPPLG1\Praktik 4.9_Gading Azriel Prasetyo_XPPLG1.csproj", "{825C6620-8D20-4219-A6D9-299FEBA54658}"
EndProject
Global
	GlobalSection(SolutionConfigurationPlatforms) = preSolution
		Debug|Any CPU = Debug|Any CPU
		Release|Any CPU = Release|Any CPU
	EndGlobalSection
	GlobalSection(ProjectConfigurationPlatforms) = postSolution
		{825C6620-8D20-4219-A6D9-299FEBA54658}.Debug|Any CPU.ActiveCfg = Debug|Any CPU
		{825C6620-8D20-4219-A6D9-299FEBA54658}.Debug|Any CPU.Build.0 = Debug|Any CPU
		{825C6620-8D20-4219-A6D9-299FEBA54658}.Release|Any CPU.ActiveCfg = Release|Any CPU
		{825C6620-8D20-4219-A6D9-299FEBA54658}.Release|Any CPU.Build.0 = Release|Any CPU
	EndGlobalSection
	GlobalSection(SolutionProperties) = preSolution
		HideSolutionNode = FALSE
	EndGlobalSection
	GlobalSection(ExtensibilityGlobals) = postSolution
		SolutionGuid = {5B0C0FFC-8307-4C74-9D8B-1F42C81782C2}
	EndGlobalSection
EndGlobal
