
Microsoft Visual Studio Solution File, Format Version 12.00
# Visual Studio Version 17
VisualStudioVersion = 17.14.36518.9 d17.14
MinimumVisualStudioVersion = 10.0.40219.1
Project("{FAE04EC0-301F-11D3-BF4B-00C04F79EFBC}") = "Praktik_5.5_Gading Azriel Prasetyo_XPPLG1", "Praktik_5.5_Gading Azriel Prasetyo_XPPLG1\Praktik_5.5_Gading Azriel Prasetyo_XPPLG1.csproj", "{614C9197-4FB2-466B-B3E7-57B938E27D43}"
EndProject
Global
	GlobalSection(SolutionConfigurationPlatforms) = preSolution
		Debug|Any CPU = Debug|Any CPU
		Release|Any CPU = Release|Any CPU
	EndGlobalSection
	GlobalSection(ProjectConfigurationPlatforms) = postSolution
		{614C9197-4FB2-466B-B3E7-57B938E27D43}.Debug|Any CPU.ActiveCfg = Debug|Any CPU
		{614C9197-4FB2-466B-B3E7-57B938E27D43}.Debug|Any CPU.Build.0 = Debug|Any CPU
		{614C9197-4FB2-466B-B3E7-57B938E27D43}.Release|Any CPU.ActiveCfg = Release|Any CPU
		{614C9197-4FB2-466B-B3E7-57B938E27D43}.Release|Any CPU.Build.0 = Release|Any CPU
	EndGlobalSection
	GlobalSection(SolutionProperties) = preSolution
		HideSolutionNode = FALSE
	EndGlobalSection
	GlobalSection(ExtensibilityGlobals) = postSolution
		SolutionGuid = {3BEC1917-2E46-44FF-92EB-6F9256340292}
	EndGlobalSection
EndGlobal
