
Microsoft Visual Studio Solution File, Format Version 12.00
# Visual Studio Version 17
VisualStudioVersion = 17.14.36518.9 d17.14
MinimumVisualStudioVersion = 10.0.40219.1
Project("{FAE04EC0-301F-11D3-BF4B-00C04F79EFBC}") = "T-3_Switchcase_Gading Azriel P._XPPLG1", "T-3_Switchcase_Gading Azriel P._XPPLG1\T-3_Switchcase_Gading Azriel P._XPPLG1.csproj", "{034933EB-6557-4E4B-B80A-45223ACE58A3}"
EndProject
Global
	GlobalSection(SolutionConfigurationPlatforms) = preSolution
		Debug|Any CPU = Debug|Any CPU
		Release|Any CPU = Release|Any CPU
	EndGlobalSection
	GlobalSection(ProjectConfigurationPlatforms) = postSolution
		{034933EB-6557-4E4B-B80A-45223ACE58A3}.Debug|Any CPU.ActiveCfg = Debug|Any CPU
		{034933EB-6557-4E4B-B80A-45223ACE58A3}.Debug|Any CPU.Build.0 = Debug|Any CPU
		{034933EB-6557-4E4B-B80A-45223ACE58A3}.Release|Any CPU.ActiveCfg = Release|Any CPU
		{034933EB-6557-4E4B-B80A-45223ACE58A3}.Release|Any CPU.Build.0 = Release|Any CPU
	EndGlobalSection
	GlobalSection(SolutionProperties) = preSolution
		HideSolutionNode = FALSE
	EndGlobalSection
	GlobalSection(ExtensibilityGlobals) = postSolution
		SolutionGuid = {F39CD15B-CEC0-43F8-91AA-C5A8FF201D6B}
	EndGlobalSection
EndGlobal
