
Microsoft Visual Studio Solution File, Format Version 12.00
# Visual Studio Version 17
VisualStudioVersion = 17.14.36518.9 d17.14
MinimumVisualStudioVersion = 10.0.40219.1
Project("{FAE04EC0-301F-11D3-BF4B-00C04F79EFBC}") = "Praktik 4.10_Gading Azriel P._XPPLG1", "Praktik 4.10_Gading Azriel P._XPPLG1\Praktik 4.10_Gading Azriel P._XPPLG1.csproj", "{AC671D86-FA54-41AF-B28B-2E0B4E39D318}"
EndProject
Global
	GlobalSection(SolutionConfigurationPlatforms) = preSolution
		Debug|Any CPU = Debug|Any CPU
		Release|Any CPU = Release|Any CPU
	EndGlobalSection
	GlobalSection(ProjectConfigurationPlatforms) = postSolution
		{AC671D86-FA54-41AF-B28B-2E0B4E39D318}.Debug|Any CPU.ActiveCfg = Debug|Any CPU
		{AC671D86-FA54-41AF-B28B-2E0B4E39D318}.Debug|Any CPU.Build.0 = Debug|Any CPU
		{AC671D86-FA54-41AF-B28B-2E0B4E39D318}.Release|Any CPU.ActiveCfg = Release|Any CPU
		{AC671D86-FA54-41AF-B28B-2E0B4E39D318}.Release|Any CPU.Build.0 = Release|Any CPU
	EndGlobalSection
	GlobalSection(SolutionProperties) = preSolution
		HideSolutionNode = FALSE
	EndGlobalSection
	GlobalSection(ExtensibilityGlobals) = postSolution
		SolutionGuid = {364F4EEA-DBD3-48EC-AFFD-B07C0122468C}
	EndGlobalSection
EndGlobal
