
Microsoft Visual Studio Solution File, Format Version 12.00
# Visual Studio Version 17
VisualStudioVersion = 17.14.36518.9 d17.14
MinimumVisualStudioVersion = 10.0.40219.1
Project("{FAE04EC0-301F-11D3-BF4B-00C04F79EFBC}") = "Praktik_5.6_Gading Azriel Prasetyo_XPPLG1", "Praktik_5.6_Gading Azriel Prasetyo_XPPLG1\Praktik_5.6_Gading Azriel Prasetyo_XPPLG1.csproj", "{F4082845-74F2-4A94-88AB-8ACBBE7171C2}"
EndProject
Global
	GlobalSection(SolutionConfigurationPlatforms) = preSolution
		Debug|Any CPU = Debug|Any CPU
		Release|Any CPU = Release|Any CPU
	EndGlobalSection
	GlobalSection(ProjectConfigurationPlatforms) = postSolution
		{F4082845-74F2-4A94-88AB-8ACBBE7171C2}.Debug|Any CPU.ActiveCfg = Debug|Any CPU
		{F4082845-74F2-4A94-88AB-8ACBBE7171C2}.Debug|Any CPU.Build.0 = Debug|Any CPU
		{F4082845-74F2-4A94-88AB-8ACBBE7171C2}.Release|Any CPU.ActiveCfg = Release|Any CPU
		{F4082845-74F2-4A94-88AB-8ACBBE7171C2}.Release|Any CPU.Build.0 = Release|Any CPU
	EndGlobalSection
	GlobalSection(SolutionProperties) = preSolution
		HideSolutionNode = FALSE
	EndGlobalSection
	GlobalSection(ExtensibilityGlobals) = postSolution
		SolutionGuid = {17745ABF-FCF3-4D52-B905-AEB1D9DF0DD5}
	EndGlobalSection
EndGlobal
