
Microsoft Visual Studio Solution File, Format Version 12.00
# Visual Studio Version 17
VisualStudioVersion = 17.14.36518.9 d17.14
MinimumVisualStudioVersion = 10.0.40219.1
Project("{FAE04EC0-301F-11D3-BF4B-00C04F79EFBC}") = "Praktik_5.7_Gading Azriel Prasetyo_XPPLG1", "Praktik_5.7_Gading Azriel Prasetyo_XPPLG1\Praktik_5.7_Gading Azriel Prasetyo_XPPLG1.csproj", "{1473A1A0-9F40-4176-90F4-C8B655EC74D1}"
EndProject
Global
	GlobalSection(SolutionConfigurationPlatforms) = preSolution
		Debug|Any CPU = Debug|Any CPU
		Release|Any CPU = Release|Any CPU
	EndGlobalSection
	GlobalSection(ProjectConfigurationPlatforms) = postSolution
		{1473A1A0-9F40-4176-90F4-C8B655EC74D1}.Debug|Any CPU.ActiveCfg = Debug|Any CPU
		{1473A1A0-9F40-4176-90F4-C8B655EC74D1}.Debug|Any CPU.Build.0 = Debug|Any CPU
		{1473A1A0-9F40-4176-90F4-C8B655EC74D1}.Release|Any CPU.ActiveCfg = Release|Any CPU
		{1473A1A0-9F40-4176-90F4-C8B655EC74D1}.Release|Any CPU.Build.0 = Release|Any CPU
	EndGlobalSection
	GlobalSection(SolutionProperties) = preSolution
		HideSolutionNode = FALSE
	EndGlobalSection
	GlobalSection(ExtensibilityGlobals) = postSolution
		SolutionGuid = {AB1F3813-D81D-48BD-9B7D-4657969E1B73}
	EndGlobalSection
EndGlobal
