
Microsoft Visual Studio Solution File, Format Version 12.00
# Visual Studio Version 17
VisualStudioVersion = 17.14.36518.9 d17.14
MinimumVisualStudioVersion = 10.0.40219.1
Project("{FAE04EC0-301F-11D3-BF4B-00C04F79EFBC}") = "Latihanfor_Gading Azriel Prasetyo_XPPLG1", "Latihanfor_Gading Azriel Prasetyo_XPPLG1\Latihanfor_Gading Azriel Prasetyo_XPPLG1.csproj", "{476C1CE3-F247-401A-9E2F-B19465967EAF}"
EndProject
Global
	GlobalSection(SolutionConfigurationPlatforms) = preSolution
		Debug|Any CPU = Debug|Any CPU
		Release|Any CPU = Release|Any CPU
	EndGlobalSection
	GlobalSection(ProjectConfigurationPlatforms) = postSolution
		{476C1CE3-F247-401A-9E2F-B19465967EAF}.Debug|Any CPU.ActiveCfg = Debug|Any CPU
		{476C1CE3-F247-401A-9E2F-B19465967EAF}.Debug|Any CPU.Build.0 = Debug|Any CPU
		{476C1CE3-F247-401A-9E2F-B19465967EAF}.Release|Any CPU.ActiveCfg = Release|Any CPU
		{476C1CE3-F247-401A-9E2F-B19465967EAF}.Release|Any CPU.Build.0 = Release|Any CPU
	EndGlobalSection
	GlobalSection(SolutionProperties) = preSolution
		HideSolutionNode = FALSE
	EndGlobalSection
	GlobalSection(ExtensibilityGlobals) = postSolution
		SolutionGuid = {9E331EAA-C476-4642-B116-627B23DE56EF}
	EndGlobalSection
EndGlobal
