
Microsoft Visual Studio Solution File, Format Version 12.00
# Visual Studio Version 17
VisualStudioVersion = 17.14.36518.9 d17.14
MinimumVisualStudioVersion = 10.0.40219.1
Project("{FAE04EC0-301F-11D3-BF4B-00C04F79EFBC}") = "3.7_Gading Azriel P._XPPLG1", "3.7_Gading Azriel P._XPPLG1\3.7_Gading Azriel P._XPPLG1.csproj", "{E455B1CF-148C-4C76-BBC2-9E7DE434432B}"
EndProject
Global
	GlobalSection(SolutionConfigurationPlatforms) = preSolution
		Debug|Any CPU = Debug|Any CPU
		Release|Any CPU = Release|Any CPU
	EndGlobalSection
	GlobalSection(ProjectConfigurationPlatforms) = postSolution
		{E455B1CF-148C-4C76-BBC2-9E7DE434432B}.Debug|Any CPU.ActiveCfg = Debug|Any CPU
		{E455B1CF-148C-4C76-BBC2-9E7DE434432B}.Debug|Any CPU.Build.0 = Debug|Any CPU
		{E455B1CF-148C-4C76-BBC2-9E7DE434432B}.Release|Any CPU.ActiveCfg = Release|Any CPU
		{E455B1CF-148C-4C76-BBC2-9E7DE434432B}.Release|Any CPU.Build.0 = Release|Any CPU
	EndGlobalSection
	GlobalSection(SolutionProperties) = preSolution
		HideSolutionNode = FALSE
	EndGlobalSection
	GlobalSection(ExtensibilityGlobals) = postSolution
		SolutionGuid = {B79D5219-86FC-4819-9EE0-D661326C1688}
	EndGlobalSection
EndGlobal
