
Microsoft Visual Studio Solution File, Format Version 12.00
# Visual Studio Version 17
VisualStudioVersion = 17.14.36414.22 d17.14
MinimumVisualStudioVersion = 10.0.40219.1
Project("{FAE04EC0-301F-11D3-BF4B-00C04F79EFBC}") = "2.4_Gading Azriel Prasetyo_XPPLG1", "2.4_Gading Azriel Prasetyo_XPPLG1\2.4_Gading Azriel Prasetyo_XPPLG1.csproj", "{08721481-6076-4353-9A49-F9D960043A25}"
EndProject
Global
	GlobalSection(SolutionConfigurationPlatforms) = preSolution
		Debug|Any CPU = Debug|Any CPU
		Release|Any CPU = Release|Any CPU
	EndGlobalSection
	GlobalSection(ProjectConfigurationPlatforms) = postSolution
		{08721481-6076-4353-9A49-F9D960043A25}.Debug|Any CPU.ActiveCfg = Debug|Any CPU
		{08721481-6076-4353-9A49-F9D960043A25}.Debug|Any CPU.Build.0 = Debug|Any CPU
		{08721481-6076-4353-9A49-F9D960043A25}.Release|Any CPU.ActiveCfg = Release|Any CPU
		{08721481-6076-4353-9A49-F9D960043A25}.Release|Any CPU.Build.0 = Release|Any CPU
	EndGlobalSection
	GlobalSection(SolutionProperties) = preSolution
		HideSolutionNode = FALSE
	EndGlobalSection
	GlobalSection(ExtensibilityGlobals) = postSolution
		SolutionGuid = {33BF4974-E744-4110-8069-5AA21FD091C8}
	EndGlobalSection
EndGlobal
