
Microsoft Visual Studio Solution File, Format Version 12.00
# Visual Studio Version 17
VisualStudioVersion = 17.14.36518.9 d17.14
MinimumVisualStudioVersion = 10.0.40219.1
Project("{FAE04EC0-301F-11D3-BF4B-00C04F79EFBC}") = "3.5_Gading Azriel P._XPPLG1", "3.5_Gading Azriel P._XPPLG1\3.5_Gading Azriel P._XPPLG1.csproj", "{F47594B4-9594-4F01-9AF5-F711FB311941}"
EndProject
Global
	GlobalSection(SolutionConfigurationPlatforms) = preSolution
		Debug|Any CPU = Debug|Any CPU
		Release|Any CPU = Release|Any CPU
	EndGlobalSection
	GlobalSection(ProjectConfigurationPlatforms) = postSolution
		{F47594B4-9594-4F01-9AF5-F711FB311941}.Debug|Any CPU.ActiveCfg = Debug|Any CPU
		{F47594B4-9594-4F01-9AF5-F711FB311941}.Debug|Any CPU.Build.0 = Debug|Any CPU
		{F47594B4-9594-4F01-9AF5-F711FB311941}.Release|Any CPU.ActiveCfg = Release|Any CPU
		{F47594B4-9594-4F01-9AF5-F711FB311941}.Release|Any CPU.Build.0 = Release|Any CPU
	EndGlobalSection
	GlobalSection(SolutionProperties) = preSolution
		HideSolutionNode = FALSE
	EndGlobalSection
	GlobalSection(ExtensibilityGlobals) = postSolution
		SolutionGuid = {F51B5A2F-952F-4184-9F90-C847AB971B9D}
	EndGlobalSection
EndGlobal
