
Microsoft Visual Studio Solution File, Format Version 12.00
# Visual Studio Version 17
VisualStudioVersion = 17.14.36518.9 d17.14
MinimumVisualStudioVersion = 10.0.40219.1
Project("{FAE04EC0-301F-11D3-BF4B-00C04F79EFBC}") = "Tugas 1_Gading Azriel P_XPPLG1", "Tugas 1_Gading Azriel P_XPPLG1\Tugas 1_Gading Azriel P_XPPLG1.csproj", "{A58AF06D-B666-463E-ABC9-ACE3BA62DEE0}"
EndProject
Global
	GlobalSection(SolutionConfigurationPlatforms) = preSolution
		Debug|Any CPU = Debug|Any CPU
		Release|Any CPU = Release|Any CPU
	EndGlobalSection
	GlobalSection(ProjectConfigurationPlatforms) = postSolution
		{A58AF06D-B666-463E-ABC9-ACE3BA62DEE0}.Debug|Any CPU.ActiveCfg = Debug|Any CPU
		{A58AF06D-B666-463E-ABC9-ACE3BA62DEE0}.Debug|Any CPU.Build.0 = Debug|Any CPU
		{A58AF06D-B666-463E-ABC9-ACE3BA62DEE0}.Release|Any CPU.ActiveCfg = Release|Any CPU
		{A58AF06D-B666-463E-ABC9-ACE3BA62DEE0}.Release|Any CPU.Build.0 = Release|Any CPU
	EndGlobalSection
	GlobalSection(SolutionProperties) = preSolution
		HideSolutionNode = FALSE
	EndGlobalSection
	GlobalSection(ExtensibilityGlobals) = postSolution
		SolutionGuid = {EAFF3A3C-02D6-48ED-B05C-7F67EB188275}
	EndGlobalSection
EndGlobal
