
Microsoft Visual Studio Solution File, Format Version 12.00
# Visual Studio Version 17
VisualStudioVersion = 17.14.36414.22 d17.14
MinimumVisualStudioVersion = 10.0.40219.1
Project("{FAE04EC0-301F-11D3-BF4B-00C04F79EFBC}") = "3_Gading Azriel Prasetyo_XPPLG1", "3_Gading Azriel Prasetyo_XPPLG1\3_Gading Azriel Prasetyo_XPPLG1.csproj", "{B5E7EDD8-03A8-4117-A3C0-06D0C6054146}"
EndProject
Global
	GlobalSection(SolutionConfigurationPlatforms) = preSolution
		Debug|Any CPU = Debug|Any CPU
		Release|Any CPU = Release|Any CPU
	EndGlobalSection
	GlobalSection(ProjectConfigurationPlatforms) = postSolution
		{B5E7EDD8-03A8-4117-A3C0-06D0C6054146}.Debug|Any CPU.ActiveCfg = Debug|Any CPU
		{B5E7EDD8-03A8-4117-A3C0-06D0C6054146}.Debug|Any CPU.Build.0 = Debug|Any CPU
		{B5E7EDD8-03A8-4117-A3C0-06D0C6054146}.Release|Any CPU.ActiveCfg = Release|Any CPU
		{B5E7EDD8-03A8-4117-A3C0-06D0C6054146}.Release|Any CPU.Build.0 = Release|Any CPU
	EndGlobalSection
	GlobalSection(SolutionProperties) = preSolution
		HideSolutionNode = FALSE
	EndGlobalSection
	GlobalSection(ExtensibilityGlobals) = postSolution
		SolutionGuid = {1DD85D06-EE07-4386-85C7-FABEE623B1FB}
	EndGlobalSection
EndGlobal
