
Microsoft Visual Studio Solution File, Format Version 12.00
# Visual Studio Version 17
VisualStudioVersion = 17.14.36518.9 d17.14
MinimumVisualStudioVersion = 10.0.40219.1
Project("{FAE04EC0-301F-11D3-BF4B-00C04F79EFBC}") = "Praktik 4.2_Gading Azriel Prasetyo_XPPLG1", "Praktik 4.2_Gading Azriel Prasetyo_XPPLG1\Praktik 4.2_Gading Azriel Prasetyo_XPPLG1.csproj", "{D17A0403-7C84-44AF-BBE5-25DE62A80AFF}"
EndProject
Global
	GlobalSection(SolutionConfigurationPlatforms) = preSolution
		Debug|Any CPU = Debug|Any CPU
		Release|Any CPU = Release|Any CPU
	EndGlobalSection
	GlobalSection(ProjectConfigurationPlatforms) = postSolution
		{D17A0403-7C84-44AF-BBE5-25DE62A80AFF}.Debug|Any CPU.ActiveCfg = Debug|Any CPU
		{D17A0403-7C84-44AF-BBE5-25DE62A80AFF}.Debug|Any CPU.Build.0 = Debug|Any CPU
		{D17A0403-7C84-44AF-BBE5-25DE62A80AFF}.Release|Any CPU.ActiveCfg = Release|Any CPU
		{D17A0403-7C84-44AF-BBE5-25DE62A80AFF}.Release|Any CPU.Build.0 = Release|Any CPU
	EndGlobalSection
	GlobalSection(SolutionProperties) = preSolution
		HideSolutionNode = FALSE
	EndGlobalSection
	GlobalSection(ExtensibilityGlobals) = postSolution
		SolutionGuid = {76C949D0-A0EE-420C-B37F-E20F57D6BF37}
	EndGlobalSection
EndGlobal
