
Microsoft Visual Studio Solution File, Format Version 12.00
# Visual Studio Version 17
VisualStudioVersion = 17.14.36414.22 d17.14
MinimumVisualStudioVersion = 10.0.40219.1
Project("{FAE04EC0-301F-11D3-BF4B-00C04F79EFBC}") = "Tugas_Gading Azriel Prasetyo_XPPLG1", "Tugas_Gading Azriel Prasetyo_XPPLG1\Tugas_Gading Azriel Prasetyo_XPPLG1.csproj", "{23A1588E-2F6F-4767-81DA-FCF65582EDF2}"
EndProject
Global
	GlobalSection(SolutionConfigurationPlatforms) = preSolution
		Debug|Any CPU = Debug|Any CPU
		Release|Any CPU = Release|Any CPU
	EndGlobalSection
	GlobalSection(ProjectConfigurationPlatforms) = postSolution
		{23A1588E-2F6F-4767-81DA-FCF65582EDF2}.Debug|Any CPU.ActiveCfg = Debug|Any CPU
		{23A1588E-2F6F-4767-81DA-FCF65582EDF2}.Debug|Any CPU.Build.0 = Debug|Any CPU
		{23A1588E-2F6F-4767-81DA-FCF65582EDF2}.Release|Any CPU.ActiveCfg = Release|Any CPU
		{23A1588E-2F6F-4767-81DA-FCF65582EDF2}.Release|Any CPU.Build.0 = Release|Any CPU
	EndGlobalSection
	GlobalSection(SolutionProperties) = preSolution
		HideSolutionNode = FALSE
	EndGlobalSection
	GlobalSection(ExtensibilityGlobals) = postSolution
		SolutionGuid = {A4B48016-1BC8-423D-8F78-7B8284D1A57C}
	EndGlobalSection
EndGlobal
